// !$*UTF8*$!
{
	archiveVersion = 1;
	classes = {
	};
	objectVersion = 56;
	objects = {

/* Begin PBXBuildFile section */
		A1C6563F29175D8100A28224 /* BarometerApp.swift in Sources */ = {isa = PBXBuildFile; fileRef = A1C6563E29175D8100A28224 /* BarometerApp.swift */; };
		A1C6564129175D8100A28224 /* ContentView.swift in Sources */ = {isa = PBXBuildFile; fileRef = A1C6564029175D8100A28224 /* ContentView.swift */; };
		A1C6564329175D8200A28224 /* Assets.xcassets in Resources */ = {isa = PBXBuildFile; fileRef = A1C6564229175D8200A28224 /* Assets.xcassets */; };
		A1C6564629175D8200A28224 /* Preview Assets.xcassets in Resources */ = {isa = PBXBuildFile; fileRef = A1C6564529175D8200A28224 /* Preview Assets.xcassets */; };
		A1C6565029175D8200A28224 /* BarometerTests.swift in Sources */ = {isa = PBXBuildFile; fileRef = A1C6564F29175D8200A28224 /* BarometerTests.swift */; };
		A1C6565A29175D8200A28224 /* BarometerUITests.swift in Sources */ = {isa = PBXBuildFile; fileRef = A1C6565929175D8200A28224 /* BarometerUITests.swift */; };
		A1C6565C29175D8200A28224 /* BarometerUITestsLaunchTests.swift in Sources */ = {isa = PBXBuildFile; fileRef = A1C6565B29175D8200A28224 /* BarometerUITestsLaunchTests.swift */; };
/* End PBXBuildFile section */

/* Begin PBXContainerItemProxy section */
		A1C6564C29175D8200A28224 /* PBXContainerItemProxy */ = {
			isa = PBXContainerItemProxy;
			containerPortal = A1C6563329175D8100A28224 /* Project object */;
			proxyType = 1;
			remoteGlobalIDString = A1C6563A29175D8100A28224;
			remoteInfo = Barometer;
		};
		A1C6565629175D8200A28224 /* PBXContainerItemProxy */ = {
			isa = PBXContainerItemProxy;
			containerPortal = A1C6563329175D8100A28224 /* Project object */;
			proxyType = 1;
			remoteGlobalIDString = A1C6563A29175D8100A28224;
			remoteInfo = Barometer;
		};
/* End PBXContainerItemProxy section */

/* Begin PBXFileReference section */
		A1C6563B29175D8100A28224 /* Barometer.app */ = {isa = PBXFileReference; explicitFileType = wrapper.application; includeInIndex = 0; path = Barometer.app; sourceTree = BUILT_PRODUCTS_DIR; };
		A1C6563E29175D8100A28224 /* BarometerApp.swift */ = {isa = PBXFileReference; lastKnownFileType = sourcecode.swift; path = BarometerApp.swift; sourceTree = "<group>"; };
		A1C6564029175D8100A28224 /* ContentView.swift */ = {isa = PBXFileReference; lastKnownFileType = sourcecode.swift; path = ContentView.swift; sourceTree = "<group>"; };
		A1C6564229175D8200A28224 /* Assets.xcassets */ = {isa = PBXFileReference; lastKnownFileType = folder.assetcatalog; path = Assets.xcassets; sourceTree = "<group>"; };
		A1C6564529175D8200A28224 /* Preview Assets.xcassets */ = {isa = PBXFileReference; lastKnownFileType = folder.assetcatalog; path = "Preview Assets.xcassets"; sourceTree = "<group>"; };
		A1C6564B29175D8200A28224 /* BarometerTests.xctest */ = {isa = PBXFileReference; explicitFileType = wrapper.cfbundle; includeInIndex = 0; path = BarometerTests.xctest; sourceTree = BUILT_PRODUCTS_DIR; };
		A1C6564F29175D8200A28224 /* BarometerTests.swift */ = {isa = PBXFileReference; lastKnownFileType = sourcecode.swift; path = BarometerTests.swift; sourceTree = "<group>"; };
		A1C6565529175D8200A28224 /* BarometerUITests.xctest */ = {isa = PBXFileReference; explicitFileType = wrapper.cfbundle; includeInIndex = 0; path = BarometerUITests.xctest; sourceTree = BUILT_PRODUCTS_DIR; };
		A1C6565929175D8200A28224 /* BarometerUITests.swift */ = {isa = PBXFileReference; lastKnownFileType = sourcecode.swift; path = BarometerUITests.swift; sourceTree = "<group>"; };
		A1C6565B29175D8200A28224 /* BarometerUITestsLaunchTests.swift */ = {isa = PBXFileReference; lastKnownFileType = sourcecode.swift; path = BarometerUITestsLaunchTests.swift; sourceTree = "<group>"; };
/* End PBXFileReference section */

/* Begin PBXFrameworksBuildPhase section */
		A1C6563829175D8100A28224 /* Frameworks */ = {
			isa = PBXFrameworksBuildPhase;
			buildActionMask = 2147483647;
			files = (
			);
			runOnlyForDeploymentPostprocessing = 0;
		};
		A1C6564829175D8200A28224 /* Frameworks */ = {
			isa = PBXFrameworksBuildPhase;
			buildActionMask = 2147483647;
			files = (
			);
			runOnlyForDeploymentPostprocessing = 0;
		};
		A1C6565229175D8200A28224 /* Frameworks */ = {
			isa = PBXFrameworksBuildPhase;
			buildActionMask = 2147483647;
			files = (
			);
			runOnlyForDeploymentPostprocessing = 0;
		};
/* End PBXFrameworksBuildPhase section */

/* Begin PBXGroup section */
		A1C6563229175D8100A28224 = {
			isa = PBXGroup;
			children = (
				A1C6563D29175D8100A28224 /* Barometer */,
				A1C6564E29175D8200A28224 /* BarometerTests */,
				A1C6565829175D8200A28224 /* BarometerUITests */,
				A1C6563C29175D8100A28224 /* Products */,
			);
			sourceTree = "<group>";
		};
		A1C6563C29175D8100A28224 /* Products */ = {
			isa = PBXGroup;
			children = (
				A1C6563B29175D8100A28224 /* Barometer.app */,
				A1C6564B29175D8200A28224 /* BarometerTests.xctest */,
				A1C6565529175D8200A28224 /* BarometerUITests.xctest */,
			);
			name = Products;
			sourceTree = "<group>";
		};
		A1C6563D29175D8100A28224 /* Barometer */ = {
			isa = PBXGroup;
			children = (
				A1C6563E29175D8100A28224 /* BarometerApp.swift */,
				A1C6564029175D8100A28224 /* ContentView.swift */,
				A1C6564229175D8200A28224 /* Assets.xcassets */,
				A1C6564429175D8200A28224 /* Preview Content */,
			);
			path = Barometer;
			sourceTree = "<group>";
		};
		A1C6564429175D8200A28224 /* Preview Content */ = {
			isa = PBXGroup;
			children = (
				A1C6564529175D8200A28224 /* Preview Assets.xcassets */,
			);
			path = "Preview Content";
			sourceTree = "<group>";
		};
		A1C6564E29175D8200A28224 /* BarometerTests */ = {
			isa = PBXGroup;
			children = (
				A1C6564F29175D8200A28224 /* BarometerTests.swift */,
			);
			path = BarometerTests;
			sourceTree = "<group>";
		};
		A1C6565829175D8200A28224 /* BarometerUITests */ = {
			isa = PBXGroup;
			children = (
				A1C6565929175D8200A28224 /* BarometerUITests.swift */,
				A1C6565B29175D8200A28224 /* BarometerUITestsLaunchTests.swift */,
			);
			path = BarometerUITests;
			sourceTree = "<group>";
		};
/* End PBXGroup section */

/* Begin PBXNativeTarget section */
		A1C6563A29175D8100A28224 /* Barometer */ = {
			isa = PBXNativeTarget;
			buildConfigurationList = A1C6565F29175D8200A28224 /* Build configuration list for PBXNativeTarget "Barometer" */;
			buildPhases = (
				A1C6563729175D8100A28224 /* Sources */,
				A1C6563829175D8100A28224 /* Frameworks */,
				A1C6563929175D8100A28224 /* Resources */,
			);
			buildRules = (
			);
			dependencies = (
			);
			name = Barometer;
			productName = Barometer;
			productReference = A1C6563B29175D8100A28224 /* Barometer.app */;
			productType = "com.apple.product-type.application";
		};
		A1C6564A29175D8200A28224 /* BarometerTests */ = {
			isa = PBXNativeTarget;
			buildConfigurationList = A1C6566229175D8200A28224 /* Build configuration list for PBXNativeTarget "BarometerTests" */;
			buildPhases = (
				A1C6564729175D8200A28224 /* Sources */,
				A1C6564829175D8200A28224 /* Frameworks */,
				A1C6564929175D8200A28224 /* Resources */,
			);
			buildRules = (
			);
			dependencies = (
				A1C6564D29175D8200A28224 /* PBXTargetDependency */,
			);
			name = BarometerTests;
			productName = BarometerTests;
			productReference = A1C6564B29175D8200A28224 /* BarometerTests.xctest */;
			productType = "com.apple.product-type.bundle.unit-test";
		};
		A1C6565429175D8200A28224 /* BarometerUITests */ = {
			isa = PBXNativeTarget;
			buildConfigurationList = A1C6566529175D8200A28224 /* Build configuration list for PBXNativeTarget "BarometerUITests" */;
			buildPhases = (
				A1C6565129175D8200A28224 /* Sources */,
				A1C6565229175D8200A28224 /* Frameworks */,
				A1C6565329175D8200A28224 /* Resources */,
			);
			buildRules = (
			);
			dependencies = (
				A1C6565729175D8200A28224 /* PBXTargetDependency */,
			);
			name = BarometerUITests;
			productName = BarometerUITests;
			productReference = A1C6565529175D8200A28224 /* BarometerUITests.xctest */;
			productType = "com.apple.product-type.bundle.ui-testing";
		};
/* End PBXNativeTarget section */

/* Begin PBXProject section */
		A1C6563329175D8100A28224 /* Project object */ = {
			isa = PBXProject;
			attributes = {
				BuildIndependentTargetsInParallel = 1;
				LastSwiftUpdateCheck = 1410;
				LastUpgradeCheck = 1410;
				TargetAttributes = {
					A1C6563A29175D8100A28224 = {
						CreatedOnToolsVersion = 14.1;
					};
					A1C6564A29175D8200A28224 = {
						CreatedOnToolsVersion = 14.1;
						TestTargetID = A1C6563A29175D8100A28224;
					};
					A1C6565429175D8200A28224 = {
						CreatedOnToolsVersion = 14.1;
						TestTargetID = A1C6563A29175D8100A28224;
					};
				};
			};
			buildConfigurationList = A1C6563629175D8100A28224 /* Build configuration list for PBXProject "Barometer" */;
			compatibilityVersion = "Xcode 14.0";
			developmentRegion = en;
			hasScannedForEncodings = 0;
			knownRegions = (
				en,
				Base,
			);
			mainGroup = A1C6563229175D8100A28224;
			productRefGroup = A1C6563C29175D8100A28224 /* Products */;
			projectDirPath = "";
			projectRoot = "";
			targets = (
				A1C6563A29175D8100A28224 /* Barometer */,
				A1C6564A29175D8200A28224 /* BarometerTests */,
				A1C6565429175D8200A28224 /* BarometerUITests */,
			);
		};
/* End PBXProject section */

/* Begin PBXResourcesBuildPhase section */
		A1C6563929175D8100A28224 /* Resources */ = {
			isa = PBXResourcesBuildPhase;
			buildActionMask = 2147483647;
			files = (
				A1C6564629175D8200A28224 /* Preview Assets.xcassets in Resources */,
				A1C6564329175D8200A28224 /* Assets.xcassets in Resources */,
			);
			runOnlyForDeploymentPostprocessing = 0;
		};
		A1C6564929175D8200A28224 /* Resources */ = {
			isa = PBXResourcesBuildPhase;
			buildActionMask = 2147483647;
			files = (
			);
			runOnlyForDeploymentPostprocessing = 0;
		};
		A1C6565329175D8200A28224 /* Resources */ = {
			isa = PBXResourcesBuildPhase;
			buildActionMask = 2147483647;
			files = (
			);
			runOnlyForDeploymentPostprocessing = 0;
		};
/* End PBXResourcesBuildPhase section */

/* Begin PBXSourcesBuildPhase section */
		A1C6563729175D8100A28224 /* Sources */ = {
			isa = PBXSourcesBuildPhase;
			buildActionMask = 2147483647;
			files = (
				A1C6564129175D8100A28224 /* ContentView.swift in Sources */,
				A1C6563F29175D8100A28224 /* BarometerApp.swift in Sources */,
			);
			runOnlyForDeploymentPostprocessing = 0;
		};
		A1C6564729175D8200A28224 /* Sources */ = {
			isa = PBXSourcesBuildPhase;
			buildActionMask = 2147483647;
			files = (
				A1C6565029175D8200A28224 /* BarometerTests.swift in Sources */,
			);
			runOnlyForDeploymentPostprocessing = 0;
		};
		A1C6565129175D8200A28224 /* Sources */ = {
			isa = PBXSourcesBuildPhase;
			buildActionMask = 2147483647;
			files = (
				A1C6565C29175D8200A28224 /* BarometerUITestsLaunchTests.swift in Sources */,
				A1C6565A29175D8200A28224 /* BarometerUITests.swift in Sources */,
			);
			runOnlyForDeploymentPostprocessing = 0;
		};
/* End PBXSourcesBuildPhase section */

/* Begin PBXTargetDependency section */
		A1C6564D29175D8200A28224 /* PBXTargetDependency */ = {
			isa = PBXTargetDependency;
			target = A1C6563A29175D8100A28224 /* Barometer */;
			targetProxy = A1C6564C29175D8200A28224 /* PBXContainerItemProxy */;
		};
		A1C6565729175D8200A28224 /* PBXTargetDependency */ = {
			isa = PBXTargetDependency;
			target = A1C6563A29175D8100A28224 /* Barometer */;
			targetProxy = A1C6565629175D8200A28224 /* PBXContainerItemProxy */;
		};
/* End PBXTargetDependency section */

/* Begin XCBuildConfiguration section */
		A1C6565D29175D8200A28224 /* Debug */ = {
			isa = XCBuildConfiguration;
			buildSettings = {
				ALWAYS_SEARCH_USER_PATHS = NO;
				CLANG_ANALYZER_NONNULL = YES;
				CLANG_ANALYZER_NUMBER_OBJECT_CONVERSION = YES_AGGRESSIVE;
				CLANG_CXX_LANGUAGE_STANDARD = "gnu++20";
				CLANG_ENABLE_MODULES = YES;
				CLANG_ENABLE_OBJC_ARC = YES;
				CLANG_ENABLE_OBJC_WEAK = YES;
				CLANG_WARN_BLOCK_CAPTURE_AUTORELEASING = YES;
				CLANG_WARN_BOOL_CONVERSION = YES;
				CLANG_WARN_COMMA = YES;
				CLANG_WARN_CONSTANT_CONVERSION = YES;
				CLANG_WARN_DEPRECATED_OBJC_IMPLEMENTATIONS = YES;
				CLANG_WARN_DIRECT_OBJC_ISA_USAGE = YES_ERROR;
				CLANG_WARN_DOCUMENTATION_COMMENTS = YES;
				CLANG_WARN_EMPTY_BODY = YES;
				CLANG_WARN_ENUM_CONVERSION = YES;
				CLANG_WARN_INFINITE_RECURSION = YES;
				CLANG_WARN_INT_CONVERSION = YES;
				CLANG_WARN_NON_LITERAL_NULL_CONVERSION = YES;
				CLANG_WARN_OBJC_IMPLICIT_RETAIN_SELF = YES;
				CLANG_WARN_OBJC_LITERAL_CONVERSION = YES;
				CLANG_WARN_OBJC_ROOT_CLASS = YES_ERROR;
				CLANG_WARN_QUOTED_INCLUDE_IN_FRAMEWORK_HEADER = YES;
				CLANG_WARN_RANGE_LOOP_ANALYSIS = YES;
				CLANG_WARN_STRICT_PROTOTYPES = YES;
				CLANG_WARN_SUSPICIOUS_MOVE = YES;
				CLANG_WARN_UNGUARDED_AVAILABILITY = YES_AGGRESSIVE;
				CLANG_WARN_UNREACHABLE_CODE = YES;
				CLANG_WARN__DUPLICATE_METHOD_MATCH = YES;
				COPY_PHASE_STRIP = NO;
				DEBUG_INFORMATION_FORMAT = dwarf;
				ENABLE_STRICT_OBJC_MSGSEND = YES;
				ENABLE_TESTABILITY = YES;
				GCC_C_LANGUAGE_STANDARD = gnu11;
				GCC_DYNAMIC_NO_PIC = NO;
				GCC_NO_COMMON_BLOCKS = YES;
				GCC_OPTIMIZATION_LEVEL = 0;
				GCC_PREPROCESSOR_DEFINITIONS = (
					"DEBUG=1",
					"$(inherited)",
				);
				GCC_WARN_64_TO_32_BIT_CONVERSION = YES;
				GCC_WARN_ABOUT_RETURN_TYPE = YES_ERROR;
				GCC_WARN_UNDECLARED_SELECTOR = YES;
				GCC_WARN_UNINITIALIZED_AUTOS = YES_AGGRESSIVE;
				GCC_WARN_UNUSED_FUNCTION = YES;
				GCC_WARN_UNUSED_VARIABLE = YES;
				IPHONEOS_DEPLOYMENT_TARGET = 16.1;
				MTL_ENABLE_DEBUG_INFO = INCLUDE_SOURCE;
				MTL_FAST_MATH = YES;
				ONLY_ACTIVE_ARCH = YES;
				SDKROOT = iphoneos;
				SWIFT_ACTIVE_COMPILATION_CONDITIONS = DEBUG;
				SWIFT_OPTIMIZATION_LEVEL = "-Onone";
			};
			name = Debug;
		};
		A1C6565E29175D8200A28224 /* Release */ = {
			isa = XCBuildConfiguration;
			buildSettings = {
				ALWAYS_SEARCH_USER_PATHS = NO;
				CLANG_ANALYZER_NONNULL = YES;
				CLANG_ANALYZER_NUMBER_OBJECT_CONVERSION = YES_AGGRESSIVE;
				CLANG_CXX_LANGUAGE_STANDARD = "gnu++20";
				CLANG_ENABLE_MODULES = YES;
				CLANG_ENABLE_OBJC_ARC = YES;
				CLANG_ENABLE_OBJC_WEAK = YES;
				CLANG_WARN_BLOCK_CAPTURE_AUTORELEASING = YES;
				CLANG_WARN_BOOL_CONVERSION = YES;
				CLANG_WARN_COMMA = YES;
				CLANG_WARN_CONSTANT_CONVERSION = YES;
				CLANG_WARN_DEPRECATED_OBJC_IMPLEMENTATIONS = YES;
				CLANG_WARN_DIRECT_OBJC_ISA_USAGE = YES_ERROR;
				CLANG_WARN_DOCUMENTATION_COMMENTS = YES;
				CLANG_WARN_EMPTY_BODY = YES;
				CLANG_WARN_ENUM_CONVERSION = YES;
				CLANG_WARN_INFINITE_RECURSION = YES;
				CLANG_WARN_INT_CONVERSION = YES;
				CLANG_WARN_NON_LITERAL_NULL_CONVERSION = YES;
				CLANG_WARN_OBJC_IMPLICIT_RETAIN_SELF = YES;
				CLANG_WARN_OBJC_LITERAL_CONVERSION = YES;
				CLANG_WARN_OBJC_ROOT_CLASS = YES_ERROR;
				CLANG_WARN_QUOTED_INCLUDE_IN_FRAMEWORK_HEADER = YES;
				CLANG_WARN_RANGE_LOOP_ANALYSIS = YES;
				CLANG_WARN_STRICT_PROTOTYPES = YES;
				CLANG_WARN_SUSPICIOUS_MOVE = YES;
				CLANG_WARN_UNGUARDED_AVAILABILITY = YES_AGGRESSIVE;
				CLANG_WARN_UNREACHABLE_CODE = YES;
				CLANG_WARN__DUPLICATE_METHOD_MATCH = YES;
				COPY_PHASE_STRIP = NO;
				DEBUG_INFORMATION_FORMAT = "dwarf-with-dsym";
				ENABLE_NS_ASSERTIONS = NO;
				ENABLE_STRICT_OBJC_MSGSEND = YES;
				GCC_C_LANGUAGE_STANDARD = gnu11;
				GCC_NO_COMMON_BLOCKS = YES;
				GCC_WARN_64_TO_32_BIT_CONVERSION = YES;
				GCC_WARN_ABOUT_RETURN_TYPE = YES_ERROR;
				GCC_WARN_UNDECLARED_SELECTOR = YES;
				GCC_WARN_UNINITIALIZED_AUTOS = YES_AGGRESSIVE;
				GCC_WARN_UNUSED_FUNCTION = YES;
				GCC_WARN_UNUSED_VARIABLE = YES;
				IPHONEOS_DEPLOYMENT_TARGET = 16.1;
				MTL_ENABLE_DEBUG_INFO = NO;
				MTL_FAST_MATH = YES;
				SDKROOT = iphoneos;
				SWIFT_COMPILATION_MODE = wholemodule;
				SWIFT_OPTIMIZATION_LEVEL = "-O";
				VALIDATE_PRODUCT = YES;
			};
			name = Release;
		};
		A1C6566029175D8200A28224 /* Debug */ = {
			isa = XCBuildConfiguration;
			buildSettings = {
				ASSETCATALOG_COMPILER_APPICON_NAME = AppIcon;
				ASSETCATALOG_COMPILER_GLOBAL_ACCENT_COLOR_NAME = AccentColor;
				CODE_SIGN_STYLE = Automatic;
				CURRENT_PROJECT_VERSION = 1;
				DEVELOPMENT_ASSET_PATHS = "\"Barometer/Preview Content\"";
				DEVELOPMENT_TEAM = YUH8WT596Y;
				ENABLE_PREVIEWS = YES;
				GENERATE_INFOPLIST_FILE = YES;
				INFOPLIST_KEY_UIApplicationSceneManifest_Generation = YES;
				INFOPLIST_KEY_UIApplicationSupportsIndirectInputEvents = YES;
				INFOPLIST_KEY_UILaunchScreen_Generation = YES;
				INFOPLIST_KEY_UISupportedInterfaceOrientations_iPad = "UIInterfaceOrientationPortrait UIInterfaceOrientationPortraitUpsideDown UIInterfaceOrientationLandscapeLeft UIInterfaceOrientationLandscapeRight";
				INFOPLIST_KEY_UISupportedInterfaceOrientations_iPhone = "UIInterfaceOrientationPortrait UIInterfaceOrientationLandscapeLeft UIInterfaceOrientationLandscapeRight";
				LD_RUNPATH_SEARCH_PATHS = (
					"$(inherited)",
					"@executable_path/Frameworks",
				);
				MARKETING_VERSION = 1.0;
				PRODUCT_BUNDLE_IDENTIFIER = sample.Barometer;
				PRODUCT_NAME = "$(TARGET_NAME)";
				SWIFT_EMIT_LOC_STRINGS = YES;
				SWIFT_VERSION = 5.0;
				TARGETED_DEVICE_FAMILY = "1,2";
			};
			name = Debug;
		};
		A1C6566129175D8200A28224 /* Release */ = {
			isa = XCBuildConfiguration;
			buildSettings = {
				ASSETCATALOG_COMPILER_APPICON_NAME = AppIcon;
				ASSETCATALOG_COMPILER_GLOBAL_ACCENT_COLOR_NAME = AccentColor;
				CODE_SIGN_STYLE = Automatic;
				CURRENT_PROJECT_VERSION = 1;
				DEVELOPMENT_ASSET_PATHS = "\"Barometer/Preview Content\"";
				DEVELOPMENT_TEAM = YUH8WT596Y;
				ENABLE_PREVIEWS = YES;
				GENERATE_INFOPLIST_FILE = YES;
				INFOPLIST_KEY_UIApplicationSceneManifest_Generation = YES;
				INFOPLIST_KEY_UIApplicationSupportsIndirectInputEvents = YES;
				INFOPLIST_KEY_UILaunchScreen_Generation = YES;
				INFOPLIST_KEY_UISupportedInterfaceOrientations_iPad = "UIInterfaceOrientationPortrait UIInterfaceOrientationPortraitUpsideDown UIInterfaceOrientationLandscapeLeft UIInterfaceOrientationLandscapeRight";
				INFOPLIST_KEY_UISupportedInterfaceOrientations_iPhone = "UIInterfaceOrientationPortrait UIInterfaceOrientationLandscapeLeft UIInterfaceOrientationLandscapeRight";
				LD_RUNPATH_SEARCH_PATHS = (
					"$(inherited)",
					"@executable_path/Frameworks",
				);
				MARKETING_VERSION = 1.0;
				PRODUCT_BUNDLE_IDENTIFIER = sample.Barometer;
				PRODUCT_NAME = "$(TARGET_NAME)";
				SWIFT_EMIT_LOC_STRINGS = YES;
				SWIFT_VERSION = 5.0;
				TARGETED_DEVICE_FAMILY = "1,2";
			};
			name = Release;
		};
		A1C6566329175D8200A28224 /* Debug */ = {
			isa = XCBuildConfiguration;
			buildSettings = {
				ALWAYS_EMBED_SWIFT_STANDARD_LIBRARIES = YES;
				BUNDLE_LOADER = "$(TEST_HOST)";
				CODE_SIGN_STYLE = Automatic;
				CURRENT_PROJECT_VERSION = 1;
				DEVELOPMENT_TEAM = YUH8WT596Y;
				GENERATE_INFOPLIST_FILE = YES;
				IPHONEOS_DEPLOYMENT_TARGET = 16.1;
				MARKETING_VERSION = 1.0;
				PRODUCT_BUNDLE_IDENTIFIER = sample.BarometerTests;
				PRODUCT_NAME = "$(TARGET_NAME)";
				SWIFT_EMIT_LOC_STRINGS = NO;
				SWIFT_VERSION = 5.0;
				TARGETED_DEVICE_FAMILY = "1,2";
				TEST_HOST = "$(BUILT_PRODUCTS_DIR)/Barometer.app/$(BUNDLE_EXECUTABLE_FOLDER_PATH)/Barometer";
			};
			name = Debug;
		};
		A1C6566429175D8200A28224 /* Release */ = {
			isa = XCBuildConfiguration;
			buildSettings = {
				ALWAYS_EMBED_SWIFT_STANDARD_LIBRARIES = YES;
				BUNDLE_LOADER = "$(TEST_HOST)";
				CODE_SIGN_STYLE = Automatic;
				CURRENT_PROJECT_VERSION = 1;
				DEVELOPMENT_TEAM = YUH8WT596Y;
				GENERATE_INFOPLIST_FILE = YES;
				IPHONEOS_DEPLOYMENT_TARGET = 16.1;
				MARKETING_VERSION = 1.0;
				PRODUCT_BUNDLE_IDENTIFIER = sample.BarometerTests;
				PRODUCT_NAME = "$(TARGET_NAME)";
				SWIFT_EMIT_LOC_STRINGS = NO;
				SWIFT_VERSION = 5.0;
				TARGETED_DEVICE_FAMILY = "1,2";
				TEST_HOST = "$(BUILT_PRODUCTS_DIR)/Barometer.app/$(BUNDLE_EXECUTABLE_FOLDER_PATH)/Barometer";
			};
			name = Release;
		};
		A1C6566629175D8200A28224 /* Debug */ = {
			isa = XCBuildConfiguration;
			buildSettings = {
				ALWAYS_EMBED_SWIFT_STANDARD_LIBRARIES = YES;
				CODE_SIGN_STYLE = Automatic;
				CURRENT_PROJECT_VERSION = 1;
				DEVELOPMENT_TEAM = YUH8WT596Y;
				GENERATE_INFOPLIST_FILE = YES;
				MARKETING_VERSION = 1.0;
				PRODUCT_BUNDLE_IDENTIFIER = sample.BarometerUITests;
				PRODUCT_NAME = "$(TARGET_NAME)";
				SWIFT_EMIT_LOC_STRINGS = NO;
				SWIFT_VERSION = 5.0;
				TARGETED_DEVICE_FAMILY = "1,2";
				TEST_TARGET_NAME = Barometer;
			};
			name = Debug;
		};
		A1C6566729175D8200A28224 /* Release */ = {
			isa = XCBuildConfiguration;
			buildSettings = {
				ALWAYS_EMBED_SWIFT_STANDARD_LIBRARIES = YES;
				CODE_SIGN_STYLE = Automatic;
				CURRENT_PROJECT_VERSION = 1;
				DEVELOPMENT_TEAM = YUH8WT596Y;
				GENERATE_INFOPLIST_FILE = YES;
				MARKETING_VERSION = 1.0;
				PRODUCT_BUNDLE_IDENTIFIER = sample.BarometerUITests;
				PRODUCT_NAME = "$(TARGET_NAME)";
				SWIFT_EMIT_LOC_STRINGS = NO;
				SWIFT_VERSION = 5.0;
				TARGETED_DEVICE_FAMILY = "1,2";
				TEST_TARGET_NAME = Barometer;
			};
			name = Release;
		};
/* End XCBuildConfiguration section */

/* Begin XCConfigurationList section */
		A1C6563629175D8100A28224 /* Build configuration list for PBXProject "Barometer" */ = {
			isa = XCConfigurationList;
			buildConfigurations = (
				A1C6565D29175D8200A28224 /* Debug */,
				A1C6565E29175D8200A28224 /* Release */,
			);
			defaultConfigurationIsVisible = 0;
			defaultConfigurationName = Release;
		};
		A1C6565F29175D8200A28224 /* Build configuration list for PBXNativeTarget "Barometer" */ = {
			isa = XCConfigurationList;
			buildConfigurations = (
				A1C6566029175D8200A28224 /* Debug */,
				A1C6566129175D8200A28224 /* Release */,
			);
			defaultConfigurationIsVisible = 0;
			defaultConfigurationName = Release;
		};
		A1C6566229175D8200A28224 /* Build configuration list for PBXNativeTarget "BarometerTests" */ = {
			isa = XCConfigurationList;
			buildConfigurations = (
				A1C6566329175D8200A28224 /* Debug */,
				A1C6566429175D8200A28224 /* Release */,
			);
			defaultConfigurationIsVisible = 0;
			defaultConfigurationName = Release;
		};
		A1C6566529175D8200A28224 /* Build configuration list for PBXNativeTarget "BarometerUITests" */ = {
			isa = XCConfigurationList;
			buildConfigurations = (
				A1C6566629175D8200A28224 /* Debug */,
				A1C6566729175D8200A28224 /* Release */,
			);
			defaultConfigurationIsVisible = 0;
			defaultConfigurationName = Release;
		};
/* End XCConfigurationList section */
	};
	rootObject = A1C6563329175D8100A28224 /* Project object */;
}
